
Microsoft Visual Studio Solution File, Format Version 12.00
# Visual Studio Version 17
VisualStudioVersion = 17.5.002.0
MinimumVisualStudioVersion = 10.0.40219.1
Project("{9A19103F-16F7-4668-BE54-9A1E7A4F7556}") = "Session2", "Session2\Session2.csproj", "{82037456-1DEC-4151-8DB0-41EFBD69D36C}"
EndProject
Project("{FAE04EC0-301F-11D3-BF4B-00C04F79EFBC}") = "baitapbuoi2", "baitapbuoi2\baitapbuoi2.csproj", "{D45A1599-8B06-4145-8B0F-86BF7013FE5F}"
EndProject
Project("{FAE04EC0-301F-11D3-BF4B-00C04F79EFBC}") = "Session3", "Session3\Session3.csproj", "{362ABED3-961B-46AC-AE95-D5290CBF0A7F}"
EndProject
Project("{FAE04EC0-301F-11D3-BF4B-00C04F79EFBC}") = "Session4", "Session4\Session4.csproj", "{5D3C8289-EF5A-48D2-8A9C-E8596594F3A0}"
EndProject
Project("{FAE04EC0-301F-11D3-BF4B-00C04F79EFBC}") = "Session5", "Session5\Session5.csproj", "{6753A68C-D27A-4D7C-9031-1246DF5C7C79}"
EndProject
Project("{FAE04EC0-301F-11D3-BF4B-00C04F79EFBC}") = "Session4.5", "Session4.5\Session4.5.csproj", "{C75B8CB0-82FA-49D3-81A2-50CF5BE7CEBC}"
EndProject
Project("{FAE04EC0-301F-11D3-BF4B-00C04F79EFBC}") = "Session6", "Session6\Session6.csproj", "{6F3B25E6-C23F-47FD-929A-DF0066434851}"
EndProject
Project("{FAE04EC0-301F-11D3-BF4B-00C04F79EFBC}") = "Session7", "Session7\Session7.csproj", "{B59268C7-3CEE-4513-92D2-0F0C560FB526}"
EndProject
Project("{FAE04EC0-301F-11D3-BF4B-00C04F79EFBC}") = "Session8", "Session8\Session8.csproj", "{C42BD696-14A1-47EF-858D-A12EA8238F89}"
EndProject
Project("{FAE04EC0-301F-11D3-BF4B-00C04F79EFBC}") = "Session_Optional", "Session_Optional\Session_Optional.csproj", "{F4C74295-EBB3-4E94-AAE8-3B121EF70EBB}"
EndProject
Global
	GlobalSection(SolutionConfigurationPlatforms) = preSolution
		Debug|Any CPU = Debug|Any CPU
		Release|Any CPU = Release|Any CPU
	EndGlobalSection
	GlobalSection(ProjectConfigurationPlatforms) = postSolution
		{82037456-1DEC-4151-8DB0-41EFBD69D36C}.Debug|Any CPU.ActiveCfg = Debug|Any CPU
		{82037456-1DEC-4151-8DB0-41EFBD69D36C}.Debug|Any CPU.Build.0 = Debug|Any CPU
		{82037456-1DEC-4151-8DB0-41EFBD69D36C}.Release|Any CPU.ActiveCfg = Release|Any CPU
		{82037456-1DEC-4151-8DB0-41EFBD69D36C}.Release|Any CPU.Build.0 = Release|Any CPU
		{D45A1599-8B06-4145-8B0F-86BF7013FE5F}.Debug|Any CPU.ActiveCfg = Debug|Any CPU
		{D45A1599-8B06-4145-8B0F-86BF7013FE5F}.Debug|Any CPU.Build.0 = Debug|Any CPU
		{D45A1599-8B06-4145-8B0F-86BF7013FE5F}.Release|Any CPU.ActiveCfg = Release|Any CPU
		{D45A1599-8B06-4145-8B0F-86BF7013FE5F}.Release|Any CPU.Build.0 = Release|Any CPU
		{362ABED3-961B-46AC-AE95-D5290CBF0A7F}.Debug|Any CPU.ActiveCfg = Debug|Any CPU
		{362ABED3-961B-46AC-AE95-D5290CBF0A7F}.Debug|Any CPU.Build.0 = Debug|Any CPU
		{362ABED3-961B-46AC-AE95-D5290CBF0A7F}.Release|Any CPU.ActiveCfg = Release|Any CPU
		{362ABED3-961B-46AC-AE95-D5290CBF0A7F}.Release|Any CPU.Build.0 = Release|Any CPU
		{5D3C8289-EF5A-48D2-8A9C-E8596594F3A0}.Debug|Any CPU.ActiveCfg = Debug|Any CPU
		{5D3C8289-EF5A-48D2-8A9C-E8596594F3A0}.Debug|Any CPU.Build.0 = Debug|Any CPU
		{5D3C8289-EF5A-48D2-8A9C-E8596594F3A0}.Release|Any CPU.ActiveCfg = Release|Any CPU
		{5D3C8289-EF5A-48D2-8A9C-E8596594F3A0}.Release|Any CPU.Build.0 = Release|Any CPU
		{6753A68C-D27A-4D7C-9031-1246DF5C7C79}.Debug|Any CPU.ActiveCfg = Debug|Any CPU
		{6753A68C-D27A-4D7C-9031-1246DF5C7C79}.Debug|Any CPU.Build.0 = Debug|Any CPU
		{6753A68C-D27A-4D7C-9031-1246DF5C7C79}.Release|Any CPU.ActiveCfg = Release|Any CPU
		{6753A68C-D27A-4D7C-9031-1246DF5C7C79}.Release|Any CPU.Build.0 = Release|Any CPU
		{C75B8CB0-82FA-49D3-81A2-50CF5BE7CEBC}.Debug|Any CPU.ActiveCfg = Debug|Any CPU
		{C75B8CB0-82FA-49D3-81A2-50CF5BE7CEBC}.Debug|Any CPU.Build.0 = Debug|Any CPU
		{C75B8CB0-82FA-49D3-81A2-50CF5BE7CEBC}.Release|Any CPU.ActiveCfg = Release|Any CPU
		{C75B8CB0-82FA-49D3-81A2-50CF5BE7CEBC}.Release|Any CPU.Build.0 = Release|Any CPU
		{6F3B25E6-C23F-47FD-929A-DF0066434851}.Debug|Any CPU.ActiveCfg = Debug|Any CPU
		{6F3B25E6-C23F-47FD-929A-DF0066434851}.Debug|Any CPU.Build.0 = Debug|Any CPU
		{6F3B25E6-C23F-47FD-929A-DF0066434851}.Release|Any CPU.ActiveCfg = Release|Any CPU
		{6F3B25E6-C23F-47FD-929A-DF0066434851}.Release|Any CPU.Build.0 = Release|Any CPU
		{B59268C7-3CEE-4513-92D2-0F0C560FB526}.Debug|Any CPU.ActiveCfg = Debug|Any CPU
		{B59268C7-3CEE-4513-92D2-0F0C560FB526}.Debug|Any CPU.Build.0 = Debug|Any CPU
		{B59268C7-3CEE-4513-92D2-0F0C560FB526}.Release|Any CPU.ActiveCfg = Release|Any CPU
		{B59268C7-3CEE-4513-92D2-0F0C560FB526}.Release|Any CPU.Build.0 = Release|Any CPU
		{C42BD696-14A1-47EF-858D-A12EA8238F89}.Debug|Any CPU.ActiveCfg = Debug|Any CPU
		{C42BD696-14A1-47EF-858D-A12EA8238F89}.Debug|Any CPU.Build.0 = Debug|Any CPU
		{C42BD696-14A1-47EF-858D-A12EA8238F89}.Release|Any CPU.ActiveCfg = Release|Any CPU
		{C42BD696-14A1-47EF-858D-A12EA8238F89}.Release|Any CPU.Build.0 = Release|Any CPU
		{F4C74295-EBB3-4E94-AAE8-3B121EF70EBB}.Debug|Any CPU.ActiveCfg = Debug|Any CPU
		{F4C74295-EBB3-4E94-AAE8-3B121EF70EBB}.Debug|Any CPU.Build.0 = Debug|Any CPU
		{F4C74295-EBB3-4E94-AAE8-3B121EF70EBB}.Release|Any CPU.ActiveCfg = Release|Any CPU
		{F4C74295-EBB3-4E94-AAE8-3B121EF70EBB}.Release|Any CPU.Build.0 = Release|Any CPU
	EndGlobalSection
	GlobalSection(SolutionProperties) = preSolution
		HideSolutionNode = FALSE
	EndGlobalSection
	GlobalSection(ExtensibilityGlobals) = postSolution
		SolutionGuid = {48608BDB-DEA4-4F76-89C3-8BCAF62C2A3F}
	EndGlobalSection
EndGlobal
