
Microsoft Visual Studio Solution File, Format Version 12.00
# Visual Studio Version 17
VisualStudioVersion = 17.5.002.0
MinimumVisualStudioVersion = 10.0.40219.1
Project("{9A19103F-16F7-4668-BE54-9A1E7A4F7556}") = "Session2", "Session2\Session2.csproj", "{82037456-1DEC-4151-8DB0-41EFBD69D36C}"
EndProject
Project("{FAE04EC0-301F-11D3-BF4B-00C04F79EFBC}") = "baitapbuoi2", "baitapbuoi2\baitapbuoi2.csproj", "{D45A1599-8B06-4145-8B0F-86BF7013FE5F}"
EndProject
Project("{FAE04EC0-301F-11D3-BF4B-00C04F79EFBC}") = "Session3", "Session3\Session3.csproj", "{362ABED3-961B-46AC-AE95-D5290CBF0A7F}"
EndProject
Project("{FAE04EC0-301F-11D3-BF4B-00C04F79EFBC}") = "Session4", "Session4\Session4.csproj", "{5D3C8289-EF5A-48D2-8A9C-E8596594F3A0}"
EndProject
Project("{FAE04EC0-301F-11D3-BF4B-00C04F79EFBC}") = "Session5", "Session5\Session5.csproj", "{6753A68C-D27A-4D7C-9031-1246DF5C7C79}"
EndProject
Project("{FAE04EC0-301F-11D3-BF4B-00C04F79EFBC}") = "Session4.5", "Session4.5\Session4.5.csproj", "{C75B8CB0-82FA-49D3-81A2-50CF5BE7CEBC}"
EndProject
Project("{FAE04EC0-301F-11D3-BF4B-00C04F79EFBC}") = "Session6", "Session6\Session6.csproj", "{6F3B25E6-C23F-47FD-929A-DF0066434851}"
EndProject
Project("{FAE04EC0-301F-11D3-BF4B-00C04F79EFBC}") = "Session7", "Session7\Session7.csproj", "{B59268C7-3CEE-4513-92D2-0F0C560FB526}"
EndProject
Project("{FAE04EC0-301F-11D3-BF4B-00C04F79EFBC}") = "Session8", "Session8\Session8.csproj", "{C42BD696-14A1-47EF-858D-A12EA8238F89}"
EndProject
Project("{FAE04EC0-301F-11D3-BF4B-00C04F79EFBC}") = "Session_Optional", "Session_Optional\Session_Optional.csproj", "{F4C74295-EBB3-4E94-AAE8-3B121EF70EBB}"
EndProject
Project("{FAE04EC0-301F-11D3-BF4B-00C04F79EFBC}") = "baitapvenhabuoi8", "baitapvenhabuoi8\baitapvenhabuoi8.csproj", "{D2E2AB35-846B-4EED-B5DE-DF5877E39C4E}"
EndProject
Project("{FAE04EC0-301F-11D3-BF4B-00C04F79EFBC}") = "Session9", "Session9\Session9.csproj", "{138D4088-AE04-4495-80E5-D47E506D45C7}"
EndProject
Project("{FAE04EC0-301F-11D3-BF4B-00C04F79EFBC}") = "KeThua", "KeThua\KeThua.csproj", "{B4705B95-F486-4640-A631-39752AAFBD10}"
EndProject
Project("{FAE04EC0-301F-11D3-BF4B-00C04F79EFBC}") = "Session11", "Session11\Session11.csproj", "{9DEC3412-B0DE-41E8-B9B8-5A3BCF2A3C80}"
EndProject
Project("{FAE04EC0-301F-11D3-BF4B-00C04F79EFBC}") = "Session11_phudao_oop", "Session11_phudao_oop\Session11_phudao_oop.csproj", "{2DE917E3-3409-4E11-9DF8-5D141BED7294}"
EndProject
Project("{FAE04EC0-301F-11D3-BF4B-00C04F79EFBC}") = "Session12_OOP_DongGoi", "Session12_OOP_DongGoi\Session12_OOP_DongGoi.csproj", "{1D3E7CAC-CBE1-455A-A677-BE9087618FF0}"
EndProject
Project("{FAE04EC0-301F-11D3-BF4B-00C04F79EFBC}") = "baitapbuoi13", "baitapbuoi13\baitapbuoi13.csproj", "{73608F5E-ECD3-4E03-8005-1CE763010B7E}"
EndProject
Project("{FAE04EC0-301F-11D3-BF4B-00C04F79EFBC}") = "Session13_BT_OOP", "Session13_BT_OOP\Session13_BT_OOP.csproj", "{72D07169-9665-43A2-AE21-FF46F14C8DAC}"
EndProject
Project("{FAE04EC0-301F-11D3-BF4B-00C04F79EFBC}") = "Session14_OOP_TruuTuong", "Session14_OOP_TruuTuong\Session14_OOP_TruuTuong.csproj", "{43BE1B42-A434-4F7D-B487-1A2012B9A4EF}"
EndProject
Project("{FAE04EC0-301F-11D3-BF4B-00C04F79EFBC}") = "Session15", "Session15\Session15.csproj", "{57811F4E-B493-466F-B597-276BB2DB4813}"
EndProject
Project("{FAE04EC0-301F-11D3-BF4B-00C04F79EFBC}") = "christmas", "christmas\christmas.csproj", "{090E40EA-6211-4F85-8C1C-2B04EB6FFC25}"
EndProject
Project("{FAE04EC0-301F-11D3-BF4B-00C04F79EFBC}") = "noel", "noel\noel.csproj", "{E91C2077-A27D-4F2F-B8D9-AD920D9A0973}"
EndProject
Global
	GlobalSection(SolutionConfigurationPlatforms) = preSolution
		Debug|Any CPU = Debug|Any CPU
		Release|Any CPU = Release|Any CPU
	EndGlobalSection
	GlobalSection(ProjectConfigurationPlatforms) = postSolution
		{82037456-1DEC-4151-8DB0-41EFBD69D36C}.Debug|Any CPU.ActiveCfg = Debug|Any CPU
		{82037456-1DEC-4151-8DB0-41EFBD69D36C}.Debug|Any CPU.Build.0 = Debug|Any CPU
		{82037456-1DEC-4151-8DB0-41EFBD69D36C}.Release|Any CPU.ActiveCfg = Release|Any CPU
		{82037456-1DEC-4151-8DB0-41EFBD69D36C}.Release|Any CPU.Build.0 = Release|Any CPU
		{D45A1599-8B06-4145-8B0F-86BF7013FE5F}.Debug|Any CPU.ActiveCfg = Debug|Any CPU
		{D45A1599-8B06-4145-8B0F-86BF7013FE5F}.Debug|Any CPU.Build.0 = Debug|Any CPU
		{D45A1599-8B06-4145-8B0F-86BF7013FE5F}.Release|Any CPU.ActiveCfg = Release|Any CPU
		{D45A1599-8B06-4145-8B0F-86BF7013FE5F}.Release|Any CPU.Build.0 = Release|Any CPU
		{362ABED3-961B-46AC-AE95-D5290CBF0A7F}.Debug|Any CPU.ActiveCfg = Debug|Any CPU
		{362ABED3-961B-46AC-AE95-D5290CBF0A7F}.Debug|Any CPU.Build.0 = Debug|Any CPU
		{362ABED3-961B-46AC-AE95-D5290CBF0A7F}.Release|Any CPU.ActiveCfg = Release|Any CPU
		{362ABED3-961B-46AC-AE95-D5290CBF0A7F}.Release|Any CPU.Build.0 = Release|Any CPU
		{5D3C8289-EF5A-48D2-8A9C-E8596594F3A0}.Debug|Any CPU.ActiveCfg = Debug|Any CPU
		{5D3C8289-EF5A-48D2-8A9C-E8596594F3A0}.Debug|Any CPU.Build.0 = Debug|Any CPU
		{5D3C8289-EF5A-48D2-8A9C-E8596594F3A0}.Release|Any CPU.ActiveCfg = Release|Any CPU
		{5D3C8289-EF5A-48D2-8A9C-E8596594F3A0}.Release|Any CPU.Build.0 = Release|Any CPU
		{6753A68C-D27A-4D7C-9031-1246DF5C7C79}.Debug|Any CPU.ActiveCfg = Debug|Any CPU
		{6753A68C-D27A-4D7C-9031-1246DF5C7C79}.Debug|Any CPU.Build.0 = Debug|Any CPU
		{6753A68C-D27A-4D7C-9031-1246DF5C7C79}.Release|Any CPU.ActiveCfg = Release|Any CPU
		{6753A68C-D27A-4D7C-9031-1246DF5C7C79}.Release|Any CPU.Build.0 = Release|Any CPU
		{C75B8CB0-82FA-49D3-81A2-50CF5BE7CEBC}.Debug|Any CPU.ActiveCfg = Debug|Any CPU
		{C75B8CB0-82FA-49D3-81A2-50CF5BE7CEBC}.Debug|Any CPU.Build.0 = Debug|Any CPU
		{C75B8CB0-82FA-49D3-81A2-50CF5BE7CEBC}.Release|Any CPU.ActiveCfg = Release|Any CPU
		{C75B8CB0-82FA-49D3-81A2-50CF5BE7CEBC}.Release|Any CPU.Build.0 = Release|Any CPU
		{6F3B25E6-C23F-47FD-929A-DF0066434851}.Debug|Any CPU.ActiveCfg = Debug|Any CPU
		{6F3B25E6-C23F-47FD-929A-DF0066434851}.Debug|Any CPU.Build.0 = Debug|Any CPU
		{6F3B25E6-C23F-47FD-929A-DF0066434851}.Release|Any CPU.ActiveCfg = Release|Any CPU
		{6F3B25E6-C23F-47FD-929A-DF0066434851}.Release|Any CPU.Build.0 = Release|Any CPU
		{B59268C7-3CEE-4513-92D2-0F0C560FB526}.Debug|Any CPU.ActiveCfg = Debug|Any CPU
		{B59268C7-3CEE-4513-92D2-0F0C560FB526}.Debug|Any CPU.Build.0 = Debug|Any CPU
		{B59268C7-3CEE-4513-92D2-0F0C560FB526}.Release|Any CPU.ActiveCfg = Release|Any CPU
		{B59268C7-3CEE-4513-92D2-0F0C560FB526}.Release|Any CPU.Build.0 = Release|Any CPU
		{C42BD696-14A1-47EF-858D-A12EA8238F89}.Debug|Any CPU.ActiveCfg = Debug|Any CPU
		{C42BD696-14A1-47EF-858D-A12EA8238F89}.Debug|Any CPU.Build.0 = Debug|Any CPU
		{C42BD696-14A1-47EF-858D-A12EA8238F89}.Release|Any CPU.ActiveCfg = Release|Any CPU
		{C42BD696-14A1-47EF-858D-A12EA8238F89}.Release|Any CPU.Build.0 = Release|Any CPU
		{F4C74295-EBB3-4E94-AAE8-3B121EF70EBB}.Debug|Any CPU.ActiveCfg = Debug|Any CPU
		{F4C74295-EBB3-4E94-AAE8-3B121EF70EBB}.Debug|Any CPU.Build.0 = Debug|Any CPU
		{F4C74295-EBB3-4E94-AAE8-3B121EF70EBB}.Release|Any CPU.ActiveCfg = Release|Any CPU
		{F4C74295-EBB3-4E94-AAE8-3B121EF70EBB}.Release|Any CPU.Build.0 = Release|Any CPU
		{D2E2AB35-846B-4EED-B5DE-DF5877E39C4E}.Debug|Any CPU.ActiveCfg = Debug|Any CPU
		{D2E2AB35-846B-4EED-B5DE-DF5877E39C4E}.Debug|Any CPU.Build.0 = Debug|Any CPU
		{D2E2AB35-846B-4EED-B5DE-DF5877E39C4E}.Release|Any CPU.ActiveCfg = Release|Any CPU
		{D2E2AB35-846B-4EED-B5DE-DF5877E39C4E}.Release|Any CPU.Build.0 = Release|Any CPU
		{138D4088-AE04-4495-80E5-D47E506D45C7}.Debug|Any CPU.ActiveCfg = Debug|Any CPU
		{138D4088-AE04-4495-80E5-D47E506D45C7}.Debug|Any CPU.Build.0 = Debug|Any CPU
		{138D4088-AE04-4495-80E5-D47E506D45C7}.Release|Any CPU.ActiveCfg = Release|Any CPU
		{138D4088-AE04-4495-80E5-D47E506D45C7}.Release|Any CPU.Build.0 = Release|Any CPU
		{B4705B95-F486-4640-A631-39752AAFBD10}.Debug|Any CPU.ActiveCfg = Debug|Any CPU
		{B4705B95-F486-4640-A631-39752AAFBD10}.Debug|Any CPU.Build.0 = Debug|Any CPU
		{B4705B95-F486-4640-A631-39752AAFBD10}.Release|Any CPU.ActiveCfg = Release|Any CPU
		{B4705B95-F486-4640-A631-39752AAFBD10}.Release|Any CPU.Build.0 = Release|Any CPU
		{9DEC3412-B0DE-41E8-B9B8-5A3BCF2A3C80}.Debug|Any CPU.ActiveCfg = Debug|Any CPU
		{9DEC3412-B0DE-41E8-B9B8-5A3BCF2A3C80}.Debug|Any CPU.Build.0 = Debug|Any CPU
		{9DEC3412-B0DE-41E8-B9B8-5A3BCF2A3C80}.Release|Any CPU.ActiveCfg = Release|Any CPU
		{9DEC3412-B0DE-41E8-B9B8-5A3BCF2A3C80}.Release|Any CPU.Build.0 = Release|Any CPU
		{2DE917E3-3409-4E11-9DF8-5D141BED7294}.Debug|Any CPU.ActiveCfg = Debug|Any CPU
		{2DE917E3-3409-4E11-9DF8-5D141BED7294}.Debug|Any CPU.Build.0 = Debug|Any CPU
		{2DE917E3-3409-4E11-9DF8-5D141BED7294}.Release|Any CPU.ActiveCfg = Release|Any CPU
		{2DE917E3-3409-4E11-9DF8-5D141BED7294}.Release|Any CPU.Build.0 = Release|Any CPU
		{1D3E7CAC-CBE1-455A-A677-BE9087618FF0}.Debug|Any CPU.ActiveCfg = Debug|Any CPU
		{1D3E7CAC-CBE1-455A-A677-BE9087618FF0}.Debug|Any CPU.Build.0 = Debug|Any CPU
		{1D3E7CAC-CBE1-455A-A677-BE9087618FF0}.Release|Any CPU.ActiveCfg = Release|Any CPU
		{1D3E7CAC-CBE1-455A-A677-BE9087618FF0}.Release|Any CPU.Build.0 = Release|Any CPU
		{73608F5E-ECD3-4E03-8005-1CE763010B7E}.Debug|Any CPU.ActiveCfg = Debug|Any CPU
		{73608F5E-ECD3-4E03-8005-1CE763010B7E}.Debug|Any CPU.Build.0 = Debug|Any CPU
		{73608F5E-ECD3-4E03-8005-1CE763010B7E}.Release|Any CPU.ActiveCfg = Release|Any CPU
		{73608F5E-ECD3-4E03-8005-1CE763010B7E}.Release|Any CPU.Build.0 = Release|Any CPU
		{72D07169-9665-43A2-AE21-FF46F14C8DAC}.Debug|Any CPU.ActiveCfg = Debug|Any CPU
		{72D07169-9665-43A2-AE21-FF46F14C8DAC}.Debug|Any CPU.Build.0 = Debug|Any CPU
		{72D07169-9665-43A2-AE21-FF46F14C8DAC}.Release|Any CPU.ActiveCfg = Release|Any CPU
		{72D07169-9665-43A2-AE21-FF46F14C8DAC}.Release|Any CPU.Build.0 = Release|Any CPU
		{43BE1B42-A434-4F7D-B487-1A2012B9A4EF}.Debug|Any CPU.ActiveCfg = Debug|Any CPU
		{43BE1B42-A434-4F7D-B487-1A2012B9A4EF}.Debug|Any CPU.Build.0 = Debug|Any CPU
		{43BE1B42-A434-4F7D-B487-1A2012B9A4EF}.Release|Any CPU.ActiveCfg = Release|Any CPU
		{43BE1B42-A434-4F7D-B487-1A2012B9A4EF}.Release|Any CPU.Build.0 = Release|Any CPU
		{57811F4E-B493-466F-B597-276BB2DB4813}.Debug|Any CPU.ActiveCfg = Debug|Any CPU
		{57811F4E-B493-466F-B597-276BB2DB4813}.Debug|Any CPU.Build.0 = Debug|Any CPU
		{57811F4E-B493-466F-B597-276BB2DB4813}.Release|Any CPU.ActiveCfg = Release|Any CPU
		{57811F4E-B493-466F-B597-276BB2DB4813}.Release|Any CPU.Build.0 = Release|Any CPU
		{090E40EA-6211-4F85-8C1C-2B04EB6FFC25}.Debug|Any CPU.ActiveCfg = Debug|Any CPU
		{090E40EA-6211-4F85-8C1C-2B04EB6FFC25}.Debug|Any CPU.Build.0 = Debug|Any CPU
		{090E40EA-6211-4F85-8C1C-2B04EB6FFC25}.Release|Any CPU.ActiveCfg = Release|Any CPU
		{090E40EA-6211-4F85-8C1C-2B04EB6FFC25}.Release|Any CPU.Build.0 = Release|Any CPU
		{E91C2077-A27D-4F2F-B8D9-AD920D9A0973}.Debug|Any CPU.ActiveCfg = Debug|Any CPU
		{E91C2077-A27D-4F2F-B8D9-AD920D9A0973}.Debug|Any CPU.Build.0 = Debug|Any CPU
		{E91C2077-A27D-4F2F-B8D9-AD920D9A0973}.Release|Any CPU.ActiveCfg = Release|Any CPU
		{E91C2077-A27D-4F2F-B8D9-AD920D9A0973}.Release|Any CPU.Build.0 = Release|Any CPU
	EndGlobalSection
	GlobalSection(SolutionProperties) = preSolution
		HideSolutionNode = FALSE
	EndGlobalSection
	GlobalSection(ExtensibilityGlobals) = postSolution
		SolutionGuid = {48608BDB-DEA4-4F76-89C3-8BCAF62C2A3F}
	EndGlobalSection
EndGlobal
